
Microsoft Visual Studio Solution File, Format Version 12.00
# Visual Studio 2015
Project("{FAE04EC0-301F-11D3-BF4B-00C04F79EFBC}") = "This is the Real Pit Demo.CSharp.Plugins", "This is the Real Pit Demo.CSharp.Plugins.csproj", "{3DAD436F-6C41-75F6-550B-1A625501A4E3}"
EndProject
Project("{FAE04EC0-301F-11D3-BF4B-00C04F79EFBC}") = "This is the Real Pit Demo.CSharp", "This is the Real Pit Demo.CSharp.csproj", "{50A439A9-9600-EDDD-9FEC-0146C87395EC}"
EndProject
Project("{FAE04EC0-301F-11D3-BF4B-00C04F79EFBC}") = "This is the Real Pit Demo.CSharp.Editor", "This is the Real Pit Demo.CSharp.Editor.csproj", "{C976CE72-422C-840C-32C3-A805AF2B1CC7}"
EndProject
Global
	GlobalSection(SolutionConfigurationPlatforms) = preSolution
		Debug|Any CPU = Debug|Any CPU
		Release|Any CPU = Release|Any CPU
	EndGlobalSection
	GlobalSection(ProjectConfigurationPlatforms) = postSolution
		{3DAD436F-6C41-75F6-550B-1A625501A4E3}.Debug|Any CPU.ActiveCfg = Debug|Any CPU
		{3DAD436F-6C41-75F6-550B-1A625501A4E3}.Debug|Any CPU.Build.0 = Debug|Any CPU
		{3DAD436F-6C41-75F6-550B-1A625501A4E3}.Release|Any CPU.ActiveCfg = Release|Any CPU
		{3DAD436F-6C41-75F6-550B-1A625501A4E3}.Release|Any CPU.Build.0 = Release|Any CPU
		{50A439A9-9600-EDDD-9FEC-0146C87395EC}.Debug|Any CPU.ActiveCfg = Debug|Any CPU
		{50A439A9-9600-EDDD-9FEC-0146C87395EC}.Debug|Any CPU.Build.0 = Debug|Any CPU
		{50A439A9-9600-EDDD-9FEC-0146C87395EC}.Release|Any CPU.ActiveCfg = Release|Any CPU
		{50A439A9-9600-EDDD-9FEC-0146C87395EC}.Release|Any CPU.Build.0 = Release|Any CPU
		{C976CE72-422C-840C-32C3-A805AF2B1CC7}.Debug|Any CPU.ActiveCfg = Debug|Any CPU
		{C976CE72-422C-840C-32C3-A805AF2B1CC7}.Debug|Any CPU.Build.0 = Debug|Any CPU
		{C976CE72-422C-840C-32C3-A805AF2B1CC7}.Release|Any CPU.ActiveCfg = Release|Any CPU
		{C976CE72-422C-840C-32C3-A805AF2B1CC7}.Release|Any CPU.Build.0 = Release|Any CPU
	EndGlobalSection
	GlobalSection(SolutionProperties) = preSolution
		HideSolutionNode = FALSE
	EndGlobalSection
EndGlobal
